
Microsoft Visual Studio Solution File, Format Version 12.00
# Visual Studio 15
VisualStudioVersion = 15.0.28307.421
MinimumVisualStudioVersion = 10.0.40219.1
Project("{FAE04EC0-301F-11D3-BF4B-00C04F79EFBC}") = "Todo", "Todo\Todo.csproj", "{D8E04869-6D6E-4C6E-90BC-182132D599B1}"
EndProject
Project("{2150E333-8FDC-42A3-9474-1A3956D46DE8}") = "Solution Items", "Solution Items", "{7FEDB15A-19F3-4D38-B706-F6CE4E879B2B}"
EndProject
Global
	GlobalSection(SolutionConfigurationPlatforms) = preSolution
		Debug|Any CPU = Debug|Any CPU
		Release|Any CPU = Release|Any CPU
	EndGlobalSection
	GlobalSection(ProjectConfigurationPlatforms) = postSolution
		{D8E04869-6D6E-4C6E-90BC-182132D599B1}.Debug|Any CPU.ActiveCfg = Debug|Any CPU
		{D8E04869-6D6E-4C6E-90BC-182132D599B1}.Debug|Any CPU.Build.0 = Debug|Any CPU
		{D8E04869-6D6E-4C6E-90BC-182132D599B1}.Release|Any CPU.ActiveCfg = Release|Any CPU
		{D8E04869-6D6E-4C6E-90BC-182132D599B1}.Release|Any CPU.Build.0 = Release|Any CPU
	EndGlobalSection
	GlobalSection(SolutionProperties) = preSolution
		HideSolutionNode = FALSE
	EndGlobalSection
	GlobalSection(ExtensibilityGlobals) = postSolution
		SolutionGuid = {37307283-161B-4DAE-B0D9-9F8EEFF5DE15}
	EndGlobalSection
EndGlobal
